
Microsoft Visual Studio Solution File, Format Version 12.00
# Visual Studio Version 17
VisualStudioVersion = 17.14.36908.2 d17.14
MinimumVisualStudioVersion = 10.0.40219.1
Project("{FAE04EC0-301F-11D3-BF4B-00C04F79EFBC}") = "Paperless.BatchProcessor", "Paperless.BatchProcessor\Paperless.BatchProcessor.csproj", "{1E711ADB-FBF8-4686-BA28-9BFBE5D257C9}"
EndProject
Global
	GlobalSection(SolutionConfigurationPlatforms) = preSolution
		Debug|Any CPU = Debug|Any CPU
		Release|Any CPU = Release|Any CPU
	EndGlobalSection
	GlobalSection(ProjectConfigurationPlatforms) = postSolution
		{1E711ADB-FBF8-4686-BA28-9BFBE5D257C9}.Debug|Any CPU.ActiveCfg = Debug|Any CPU
		{1E711ADB-FBF8-4686-BA28-9BFBE5D257C9}.Debug|Any CPU.Build.0 = Debug|Any CPU
		{1E711ADB-FBF8-4686-BA28-9BFBE5D257C9}.Release|Any CPU.ActiveCfg = Release|Any CPU
		{1E711ADB-FBF8-4686-BA28-9BFBE5D257C9}.Release|Any CPU.Build.0 = Release|Any CPU
	EndGlobalSection
	GlobalSection(SolutionProperties) = preSolution
		HideSolutionNode = FALSE
	EndGlobalSection
	GlobalSection(ExtensibilityGlobals) = postSolution
		SolutionGuid = {99E34F30-0E00-435C-B1B6-8FBBA18B6EC6}
	EndGlobalSection
EndGlobal
